- styles:
    card:
      - background: "var(--ha-card-background-es-off)"
  value: "unavailable"

- styles:
    card:
      - background: "var(--ha-card-background-es-off)"
  value: "unlocked"

- styles:
    card:
      - background: "var(--ha-card-background-es-on)"
  operator: "!="
  value: "locked"
